// !$*UTF8*$!
{
	archiveVersion = 1;
	classes = {
	};
	objectVersion = 50;
	objects = {

/* Begin PBXBuildFile section */
		303B105E24B778A300CD6595 /* AppDelegate.swift in Sources */ = {isa = PBXBuildFile; fileRef = 303B105D24B778A300CD6595 /* AppDelegate.swift */; };
		303B106024B778A300CD6595 /* SceneDelegate.swift in Sources */ = {isa = PBXBuildFile; fileRef = 303B105F24B778A300CD6595 /* SceneDelegate.swift */; };
		303B106224B778A300CD6595 /* ViewController.swift in Sources */ = {isa = PBXBuildFile; fileRef = 303B106124B778A300CD6595 /* ViewController.swift */; };
		303B106524B778A300CD6595 /* Main.storyboard in Resources */ = {isa = PBXBuildFile; fileRef = 303B106324B778A300CD6595 /* Main.storyboard */; };
		303B106724B778A800CD6595 /* Assets.xcassets in Resources */ = {isa = PBXBuildFile; fileRef = 303B106624B778A800CD6595 /* Assets.xcassets */; };
		303B106A24B778A800CD6595 /* LaunchScreen.storyboard in Resources */ = {isa = PBXBuildFile; fileRef = 303B106824B778A800CD6595 /* LaunchScreen.storyboard */; };
		303B107524B778A900CD6595 /* SeguesTests.swift in Sources */ = {isa = PBXBuildFile; fileRef = 303B107424B778A900CD6595 /* SeguesTests.swift */; };
		303B108024B778A900CD6595 /* SeguesUITests.swift in Sources */ = {isa = PBXBuildFile; fileRef = 303B107F24B778A900CD6595 /* SeguesUITests.swift */; };
/* End PBXBuildFile section */

/* Begin PBXContainerItemProxy section */
		303B107124B778A900CD6595 /* PBXContainerItemProxy */ = {
			isa = PBXContainerItemProxy;
			containerPortal = 303B105224B778A200CD6595 /* Project object */;
			proxyType = 1;
			remoteGlobalIDString = 303B105924B778A200CD6595;
			remoteInfo = Segues;
		};
		303B107C24B778A900CD6595 /* PBXContainerItemProxy */ = {
			isa = PBXContainerItemProxy;
			containerPortal = 303B105224B778A200CD6595 /* Project object */;
			proxyType = 1;
			remoteGlobalIDString = 303B105924B778A200CD6595;
			remoteInfo = Segues;
		};
/* End PBXContainerItemProxy section */

/* Begin PBXFileReference section */
		303B105A24B778A200CD6595 /* Segues.app */ = {isa = PBXFileReference; explicitFileType = wrapper.application; includeInIndex = 0; path = Segues.app; sourceTree = BUILT_PRODUCTS_DIR; };
		303B105D24B778A300CD6595 /* AppDelegate.swift */ = {isa = PBXFileReference; lastKnownFileType = sourcecode.swift; path = AppDelegate.swift; sourceTree = "<group>"; };
		303B105F24B778A300CD6595 /* SceneDelegate.swift */ = {isa = PBXFileReference; lastKnownFileType = sourcecode.swift; path = SceneDelegate.swift; sourceTree = "<group>"; };
		303B106124B778A300CD6595 /* ViewController.swift */ = {isa = PBXFileReference; lastKnownFileType = sourcecode.swift; path = ViewController.swift; sourceTree = "<group>"; };
		303B106424B778A300CD6595 /* Base */ = {isa = PBXFileReference; lastKnownFileType = file.storyboard; name = Base; path = Base.lproj/Main.storyboard; sourceTree = "<group>"; };
		303B106624B778A800CD6595 /* Assets.xcassets */ = {isa = PBXFileReference; lastKnownFileType = folder.assetcatalog; path = Assets.xcassets; sourceTree = "<group>"; };
		303B106924B778A800CD6595 /* Base */ = {isa = PBXFileReference; lastKnownFileType = file.storyboard; name = Base; path = Base.lproj/LaunchScreen.storyboard; sourceTree = "<group>"; };
		303B106B24B778A800CD6595 /* Info.plist */ = {isa = PBXFileReference; lastKnownFileType = text.plist.xml; path = Info.plist; sourceTree = "<group>"; };
		303B107024B778A900CD6595 /* SeguesTests.xctest */ = {isa = PBXFileReference; explicitFileType = wrapper.cfbundle; includeInIndex = 0; path = SeguesTests.xctest; sourceTree = BUILT_PRODUCTS_DIR; };
		303B107424B778A900CD6595 /* SeguesTests.swift */ = {isa = PBXFileReference; lastKnownFileType = sourcecode.swift; path = SeguesTests.swift; sourceTree = "<group>"; };
		303B107624B778A900CD6595 /* Info.plist */ = {isa = PBXFileReference; lastKnownFileType = text.plist.xml; path = Info.plist; sourceTree = "<group>"; };
		303B107B24B778A900CD6595 /* SeguesUITests.xctest */ = {isa = PBXFileReference; explicitFileType = wrapper.cfbundle; includeInIndex = 0; path = SeguesUITests.xctest; sourceTree = BUILT_PRODUCTS_DIR; };
		303B107F24B778A900CD6595 /* SeguesUITests.swift */ = {isa = PBXFileReference; lastKnownFileType = sourcecode.swift; path = SeguesUITests.swift; sourceTree = "<group>"; };
		303B108124B778A900CD6595 /* Info.plist */ = {isa = PBXFileReference; lastKnownFileType = text.plist.xml; path = Info.plist; sourceTree = "<group>"; };
/* End PBXFileReference section */

/* Begin PBXFrameworksBuildPhase section */
		303B105724B778A200CD6595 /* Frameworks */ = {
			isa = PBXFrameworksBuildPhase;
			buildActionMask = 2147483647;
			files = (
			);
			runOnlyForDeploymentPostprocessing = 0;
		};
		303B106D24B778A900CD6595 /* Frameworks */ = {
			isa = PBXFrameworksBuildPhase;
			buildActionMask = 2147483647;
			files = (
			);
			runOnlyForDeploymentPostprocessing = 0;
		};
		303B107824B778A900CD6595 /* Frameworks */ = {
			isa = PBXFrameworksBuildPhase;
			buildActionMask = 2147483647;
			files = (
			);
			runOnlyForDeploymentPostprocessing = 0;
		};
/* End PBXFrameworksBuildPhase section */

/* Begin PBXGroup section */
		303B105124B778A200CD6595 = {
			isa = PBXGroup;
			children = (
				303B105C24B778A300CD6595 /* Segues */,
				303B107324B778A900CD6595 /* SeguesTests */,
				303B107E24B778A900CD6595 /* SeguesUITests */,
				303B105B24B778A200CD6595 /* Products */,
			);
			sourceTree = "<group>";
		};
		303B105B24B778A200CD6595 /* Products */ = {
			isa = PBXGroup;
			children = (
				303B105A24B778A200CD6595 /* Segues.app */,
				303B107024B778A900CD6595 /* SeguesTests.xctest */,
				303B107B24B778A900CD6595 /* SeguesUITests.xctest */,
			);
			name = Products;
			sourceTree = "<group>";
		};
		303B105C24B778A300CD6595 /* Segues */ = {
			isa = PBXGroup;
			children = (
				303B105D24B778A300CD6595 /* AppDelegate.swift */,
				303B105F24B778A300CD6595 /* SceneDelegate.swift */,
				303B106124B778A300CD6595 /* ViewController.swift */,
				303B106324B778A300CD6595 /* Main.storyboard */,
				303B106624B778A800CD6595 /* Assets.xcassets */,
				303B106824B778A800CD6595 /* LaunchScreen.storyboard */,
				303B106B24B778A800CD6595 /* Info.plist */,
			);
			path = Segues;
			sourceTree = "<group>";
		};
		303B107324B778A900CD6595 /* SeguesTests */ = {
			isa = PBXGroup;
			children = (
				303B107424B778A900CD6595 /* SeguesTests.swift */,
				303B107624B778A900CD6595 /* Info.plist */,
			);
			path = SeguesTests;
			sourceTree = "<group>";
		};
		303B107E24B778A900CD6595 /* SeguesUITests */ = {
			isa = PBXGroup;
			children = (
				303B107F24B778A900CD6595 /* SeguesUITests.swift */,
				303B108124B778A900CD6595 /* Info.plist */,
			);
			path = SeguesUITests;
			sourceTree = "<group>";
		};
/* End PBXGroup section */

/* Begin PBXNativeTarget section */
		303B105924B778A200CD6595 /* Segues */ = {
			isa = PBXNativeTarget;
			buildConfigurationList = 303B108424B778A900CD6595 /* Build configuration list for PBXNativeTarget "Segues" */;
			buildPhases = (
				303B105624B778A200CD6595 /* Sources */,
				303B105724B778A200CD6595 /* Frameworks */,
				303B105824B778A200CD6595 /* Resources */,
			);
			buildRules = (
			);
			dependencies = (
			);
			name = Segues;
			productName = Segues;
			productReference = 303B105A24B778A200CD6595 /* Segues.app */;
			productType = "com.apple.product-type.application";
		};
		303B106F24B778A900CD6595 /* SeguesTests */ = {
			isa = PBXNativeTarget;
			buildConfigurationList = 303B108724B778A900CD6595 /* Build configuration list for PBXNativeTarget "SeguesTests" */;
			buildPhases = (
				303B106C24B778A900CD6595 /* Sources */,
				303B106D24B778A900CD6595 /* Frameworks */,
				303B106E24B778A900CD6595 /* Resources */,
			);
			buildRules = (
			);
			dependencies = (
				303B107224B778A900CD6595 /* PBXTargetDependency */,
			);
			name = SeguesTests;
			productName = SeguesTests;
			productReference = 303B107024B778A900CD6595 /* SeguesTests.xctest */;
			productType = "com.apple.product-type.bundle.unit-test";
		};
		303B107A24B778A900CD6595 /* SeguesUITests */ = {
			isa = PBXNativeTarget;
			buildConfigurationList = 303B108A24B778A900CD6595 /* Build configuration list for PBXNativeTarget "SeguesUITests" */;
			buildPhases = (
				303B107724B778A900CD6595 /* Sources */,
				303B107824B778A900CD6595 /* Frameworks */,
				303B107924B778A900CD6595 /* Resources */,
			);
			buildRules = (
			);
			dependencies = (
				303B107D24B778A900CD6595 /* PBXTargetDependency */,
			);
			name = SeguesUITests;
			productName = SeguesUITests;
			productReference = 303B107B24B778A900CD6595 /* SeguesUITests.xctest */;
			productType = "com.apple.product-type.bundle.ui-testing";
		};
/* End PBXNativeTarget section */

/* Begin PBXProject section */
		303B105224B778A200CD6595 /* Project object */ = {
			isa = PBXProject;
			attributes = {
				LastSwiftUpdateCheck = 1150;
				LastUpgradeCheck = 1150;
				ORGANIZATIONNAME = KWK;
				TargetAttributes = {
					303B105924B778A200CD6595 = {
						CreatedOnToolsVersion = 11.5;
					};
					303B106F24B778A900CD6595 = {
						CreatedOnToolsVersion = 11.5;
						TestTargetID = 303B105924B778A200CD6595;
					};
					303B107A24B778A900CD6595 = {
						CreatedOnToolsVersion = 11.5;
						TestTargetID = 303B105924B778A200CD6595;
					};
				};
			};
			buildConfigurationList = 303B105524B778A200CD6595 /* Build configuration list for PBXProject "Segues" */;
			compatibilityVersion = "Xcode 9.3";
			developmentRegion = en;
			hasScannedForEncodings = 0;
			knownRegions = (
				en,
				Base,
			);
			mainGroup = 303B105124B778A200CD6595;
			productRefGroup = 303B105B24B778A200CD6595 /* Products */;
			projectDirPath = "";
			projectRoot = "";
			targets = (
				303B105924B778A200CD6595 /* Segues */,
				303B106F24B778A900CD6595 /* SeguesTests */,
				303B107A24B778A900CD6595 /* SeguesUITests */,
			);
		};
/* End PBXProject section */

/* Begin PBXResourcesBuildPhase section */
		303B105824B778A200CD6595 /* Resources */ = {
			isa = PBXResourcesBuildPhase;
			buildActionMask = 2147483647;
			files = (
				303B106A24B778A800CD6595 /* LaunchScreen.storyboard in Resources */,
				303B106724B778A800CD6595 /* Assets.xcassets in Resources */,
				303B106524B778A300CD6595 /* Main.storyboard in Resources */,
			);
			runOnlyForDeploymentPostprocessing = 0;
		};
		303B106E24B778A900CD6595 /* Resources */ = {
			isa = PBXResourcesBuildPhase;
			buildActionMask = 2147483647;
			files = (
			);
			runOnlyForDeploymentPostprocessing = 0;
		};
		303B107924B778A900CD6595 /* Resources */ = {
			isa = PBXResourcesBuildPhase;
			buildActionMask = 2147483647;
			files = (
			);
			runOnlyForDeploymentPostprocessing = 0;
		};
/* End PBXResourcesBuildPhase section */

/* Begin PBXSourcesBuildPhase section */
		303B105624B778A200CD6595 /* Sources */ = {
			isa = PBXSourcesBuildPhase;
			buildActionMask = 2147483647;
			files = (
				303B106224B778A300CD6595 /* ViewController.swift in Sources */,
				303B105E24B778A300CD6595 /* AppDelegate.swift in Sources */,
				303B106024B778A300CD6595 /* SceneDelegate.swift in Sources */,
			);
			runOnlyForDeploymentPostprocessing = 0;
		};
		303B106C24B778A900CD6595 /* Sources */ = {
			isa = PBXSourcesBuildPhase;
			buildActionMask = 2147483647;
			files = (
				303B107524B778A900CD6595 /* SeguesTests.swift in Sources */,
			);
			runOnlyForDeploymentPostprocessing = 0;
		};
		303B107724B778A900CD6595 /* Sources */ = {
			isa = PBXSourcesBuildPhase;
			buildActionMask = 2147483647;
			files = (
				303B108024B778A900CD6595 /* SeguesUITests.swift in Sources */,
			);
			runOnlyForDeploymentPostprocessing = 0;
		};
/* End PBXSourcesBuildPhase section */

/* Begin PBXTargetDependency section */
		303B107224B778A900CD6595 /* PBXTargetDependency */ = {
			isa = PBXTargetDependency;
			target = 303B105924B778A200CD6595 /* Segues */;
			targetProxy = 303B107124B778A900CD6595 /* PBXContainerItemProxy */;
		};
		303B107D24B778A900CD6595 /* PBXTargetDependency */ = {
			isa = PBXTargetDependency;
			target = 303B105924B778A200CD6595 /* Segues */;
			targetProxy = 303B107C24B778A900CD6595 /* PBXContainerItemProxy */;
		};
/* End PBXTargetDependency section */

/* Begin PBXVariantGroup section */
		303B106324B778A300CD6595 /* Main.storyboard */ = {
			isa = PBXVariantGroup;
			children = (
				303B106424B778A300CD6595 /* Base */,
			);
			name = Main.storyboard;
			sourceTree = "<group>";
		};
		303B106824B778A800CD6595 /* LaunchScreen.storyboard */ = {
			isa = PBXVariantGroup;
			children = (
				303B106924B778A800CD6595 /* Base */,
			);
			name = LaunchScreen.storyboard;
			sourceTree = "<group>";
		};
/* End PBXVariantGroup section */

/* Begin XCBuildConfiguration section */
		303B108224B778A900CD6595 /* Debug */ = {
			isa = XCBuildConfiguration;
			buildSettings = {
				ALWAYS_SEARCH_USER_PATHS = NO;
				CLANG_ANALYZER_NONNULL = YES;
				CLANG_ANALYZER_NUMBER_OBJECT_CONVERSION = YES_AGGRESSIVE;
				CLANG_CXX_LANGUAGE_STANDARD = "gnu++14";
				CLANG_CXX_LIBRARY = "libc++";
				CLANG_ENABLE_MODULES = YES;
				CLANG_ENABLE_OBJC_ARC = YES;
				CLANG_ENABLE_OBJC_WEAK = YES;
				CLANG_WARN_BLOCK_CAPTURE_AUTORELEASING = YES;
				CLANG_WARN_BOOL_CONVERSION = YES;
				CLANG_WARN_COMMA = YES;
				CLANG_WARN_CONSTANT_CONVERSION = YES;
				CLANG_WARN_DEPRECATED_OBJC_IMPLEMENTATIONS = YES;
				CLANG_WARN_DIRECT_OBJC_ISA_USAGE = YES_ERROR;
				CLANG_WARN_DOCUMENTATION_COMMENTS = YES;
				CLANG_WARN_EMPTY_BODY = YES;
				CLANG_WARN_ENUM_CONVERSION = YES;
				CLANG_WARN_INFINITE_RECURSION = YES;
				CLANG_WARN_INT_CONVERSION = YES;
				CLANG_WARN_NON_LITERAL_NULL_CONVERSION = YES;
				CLANG_WARN_OBJC_IMPLICIT_RETAIN_SELF = YES;
				CLANG_WARN_OBJC_LITERAL_CONVERSION = YES;
				CLANG_WARN_OBJC_ROOT_CLASS = YES_ERROR;
				CLANG_WARN_RANGE_LOOP_ANALYSIS = YES;
				CLANG_WARN_STRICT_PROTOTYPES = YES;
				CLANG_WARN_SUSPICIOUS_MOVE = YES;
				CLANG_WARN_UNGUARDED_AVAILABILITY = YES_AGGRESSIVE;
				CLANG_WARN_UNREACHABLE_CODE = YES;
				CLANG_WARN__DUPLICATE_METHOD_MATCH = YES;
				COPY_PHASE_STRIP = NO;
				DEBUG_INFORMATION_FORMAT = dwarf;
				ENABLE_STRICT_OBJC_MSGSEND = YES;
				ENABLE_TESTABILITY = YES;
				GCC_C_LANGUAGE_STANDARD = gnu11;
				GCC_DYNAMIC_NO_PIC = NO;
				GCC_NO_COMMON_BLOCKS = YES;
				GCC_OPTIMIZATION_LEVEL = 0;
				GCC_PREPROCESSOR_DEFINITIONS = (
					"DEBUG=1",
					"$(inherited)",
				);
				GCC_WARN_64_TO_32_BIT_CONVERSION = YES;
				GCC_WARN_ABOUT_RETURN_TYPE = YES_ERROR;
				GCC_WARN_UNDECLARED_SELECTOR = YES;
				GCC_WARN_UNINITIALIZED_AUTOS = YES_AGGRESSIVE;
				GCC_WARN_UNUSED_FUNCTION = YES;
				GCC_WARN_UNUSED_VARIABLE = YES;
				IPHONEOS_DEPLOYMENT_TARGET = 13.5;
				MTL_ENABLE_DEBUG_INFO = INCLUDE_SOURCE;
				MTL_FAST_MATH = YES;
				ONLY_ACTIVE_ARCH = YES;
				SDKROOT = iphoneos;
				SWIFT_ACTIVE_COMPILATION_CONDITIONS = DEBUG;
				SWIFT_OPTIMIZATION_LEVEL = "-Onone";
			};
			name = Debug;
		};
		303B108324B778A900CD6595 /* Release */ = {
			isa = XCBuildConfiguration;
			buildSettings = {
				ALWAYS_SEARCH_USER_PATHS = NO;
				CLANG_ANALYZER_NONNULL = YES;
				CLANG_ANALYZER_NUMBER_OBJECT_CONVERSION = YES_AGGRESSIVE;
				CLANG_CXX_LANGUAGE_STANDARD = "gnu++14";
				CLANG_CXX_LIBRARY = "libc++";
				CLANG_ENABLE_MODULES = YES;
				CLANG_ENABLE_OBJC_ARC = YES;
				CLANG_ENABLE_OBJC_WEAK = YES;
				CLANG_WARN_BLOCK_CAPTURE_AUTORELEASING = YES;
				CLANG_WARN_BOOL_CONVERSION = YES;
				CLANG_WARN_COMMA = YES;
				CLANG_WARN_CONSTANT_CONVERSION = YES;
				CLANG_WARN_DEPRECATED_OBJC_IMPLEMENTATIONS = YES;
				CLANG_WARN_DIRECT_OBJC_ISA_USAGE = YES_ERROR;
				CLANG_WARN_DOCUMENTATION_COMMENTS = YES;
				CLANG_WARN_EMPTY_BODY = YES;
				CLANG_WARN_ENUM_CONVERSION = YES;
				CLANG_WARN_INFINITE_RECURSION = YES;
				CLANG_WARN_INT_CONVERSION = YES;
				CLANG_WARN_NON_LITERAL_NULL_CONVERSION = YES;
				CLANG_WARN_OBJC_IMPLICIT_RETAIN_SELF = YES;
				CLANG_WARN_OBJC_LITERAL_CONVERSION = YES;
				CLANG_WARN_OBJC_ROOT_CLASS = YES_ERROR;
				CLANG_WARN_RANGE_LOOP_ANALYSIS = YES;
				CLANG_WARN_STRICT_PROTOTYPES = YES;
				CLANG_WARN_SUSPICIOUS_MOVE = YES;
				CLANG_WARN_UNGUARDED_AVAILABILITY = YES_AGGRESSIVE;
				CLANG_WARN_UNREACHABLE_CODE = YES;
				CLANG_WARN__DUPLICATE_METHOD_MATCH = YES;
				COPY_PHASE_STRIP = NO;
				DEBUG_INFORMATION_FORMAT = "dwarf-with-dsym";
				ENABLE_NS_ASSERTIONS = NO;
				ENABLE_STRICT_OBJC_MSGSEND = YES;
				GCC_C_LANGUAGE_STANDARD = gnu11;
				GCC_NO_COMMON_BLOCKS = YES;
				GCC_WARN_64_TO_32_BIT_CONVERSION = YES;
				GCC_WARN_ABOUT_RETURN_TYPE = YES_ERROR;
				GCC_WARN_UNDECLARED_SELECTOR = YES;
				GCC_WARN_UNINITIALIZED_AUTOS = YES_AGGRESSIVE;
				GCC_WARN_UNUSED_FUNCTION = YES;
				GCC_WARN_UNUSED_VARIABLE = YES;
				IPHONEOS_DEPLOYMENT_TARGET = 13.5;
				MTL_ENABLE_DEBUG_INFO = NO;
				MTL_FAST_MATH = YES;
				SDKROOT = iphoneos;
				SWIFT_COMPILATION_MODE = wholemodule;
				SWIFT_OPTIMIZATION_LEVEL = "-O";
				VALIDATE_PRODUCT = YES;
			};
			name = Release;
		};
		303B108524B778A900CD6595 /* Debug */ = {
			isa = XCBuildConfiguration;
			buildSettings = {
				ASSETCATALOG_COMPILER_APPICON_NAME = AppIcon;
				CODE_SIGN_STYLE = Automatic;
				DEVELOPMENT_TEAM = SRTGRALL2N;
				INFOPLIST_FILE = Segues/Info.plist;
				LD_RUNPATH_SEARCH_PATHS = (
					"$(inherited)",
					"@executable_path/Frameworks",
				);
				PRODUCT_BUNDLE_IDENTIFIER = TakeChances.Segues;
				PRODUCT_NAME = "$(TARGET_NAME)";
				SWIFT_VERSION = 5.0;
				TARGETED_DEVICE_FAMILY = "1,2";
			};
			name = Debug;
		};
		303B108624B778A900CD6595 /* Release */ = {
			isa = XCBuildConfiguration;
			buildSettings = {
				ASSETCATALOG_COMPILER_APPICON_NAME = AppIcon;
				CODE_SIGN_STYLE = Automatic;
				DEVELOPMENT_TEAM = SRTGRALL2N;
				INFOPLIST_FILE = Segues/Info.plist;
				LD_RUNPATH_SEARCH_PATHS = (
					"$(inherited)",
					"@executable_path/Frameworks",
				);
				PRODUCT_BUNDLE_IDENTIFIER = TakeChances.Segues;
				PRODUCT_NAME = "$(TARGET_NAME)";
				SWIFT_VERSION = 5.0;
				TARGETED_DEVICE_FAMILY = "1,2";
			};
			name = Release;
		};
		303B108824B778A900CD6595 /* Debug */ = {
			isa = XCBuildConfiguration;
			buildSettings = {
				ALWAYS_EMBED_SWIFT_STANDARD_LIBRARIES = YES;
				BUNDLE_LOADER = "$(TEST_HOST)";
				CODE_SIGN_STYLE = Automatic;
				DEVELOPMENT_TEAM = SRTGRALL2N;
				INFOPLIST_FILE = SeguesTests/Info.plist;
				IPHONEOS_DEPLOYMENT_TARGET = 13.5;
				LD_RUNPATH_SEARCH_PATHS = (
					"$(inherited)",
					"@executable_path/Frameworks",
					"@loader_path/Frameworks",
				);
				PRODUCT_BUNDLE_IDENTIFIER = TakeChances.SeguesTests;
				PRODUCT_NAME = "$(TARGET_NAME)";
				SWIFT_VERSION = 5.0;
				TARGETED_DEVICE_FAMILY = "1,2";
				TEST_HOST = "$(BUILT_PRODUCTS_DIR)/Segues.app/Segues";
			};
			name = Debug;
		};
		303B108924B778A900CD6595 /* Release */ = {
			isa = XCBuildConfiguration;
			buildSettings = {
				ALWAYS_EMBED_SWIFT_STANDARD_LIBRARIES = YES;
				BUNDLE_LOADER = "$(TEST_HOST)";
				CODE_SIGN_STYLE = Automatic;
				DEVELOPMENT_TEAM = SRTGRALL2N;
				INFOPLIST_FILE = SeguesTests/Info.plist;
				IPHONEOS_DEPLOYMENT_TARGET = 13.5;
				LD_RUNPATH_SEARCH_PATHS = (
					"$(inherited)",
					"@executable_path/Frameworks",
					"@loader_path/Frameworks",
				);
				PRODUCT_BUNDLE_IDENTIFIER = TakeChances.SeguesTests;
				PRODUCT_NAME = "$(TARGET_NAME)";
				SWIFT_VERSION = 5.0;
				TARGETED_DEVICE_FAMILY = "1,2";
				TEST_HOST = "$(BUILT_PRODUCTS_DIR)/Segues.app/Segues";
			};
			name = Release;
		};
		303B108B24B778A900CD6595 /* Debug */ = {
			isa = XCBuildConfiguration;
			buildSettings = {
				ALWAYS_EMBED_SWIFT_STANDARD_LIBRARIES = YES;
				CODE_SIGN_STYLE = Automatic;
				DEVELOPMENT_TEAM = SRTGRALL2N;
				INFOPLIST_FILE = SeguesUITests/Info.plist;
				LD_RUNPATH_SEARCH_PATHS = (
					"$(inherited)",
					"@executable_path/Frameworks",
					"@loader_path/Frameworks",
				);
				PRODUCT_BUNDLE_IDENTIFIER = TakeChances.SeguesUITests;
				PRODUCT_NAME = "$(TARGET_NAME)";
				SWIFT_VERSION = 5.0;
				TARGETED_DEVICE_FAMILY = "1,2";
				TEST_TARGET_NAME = Segues;
			};
			name = Debug;
		};
		303B108C24B778A900CD6595 /* Release */ = {
			isa = XCBuildConfiguration;
			buildSettings = {
				ALWAYS_EMBED_SWIFT_STANDARD_LIBRARIES = YES;
				CODE_SIGN_STYLE = Automatic;
				DEVELOPMENT_TEAM = SRTGRALL2N;
				INFOPLIST_FILE = SeguesUITests/Info.plist;
				LD_RUNPATH_SEARCH_PATHS = (
					"$(inherited)",
					"@executable_path/Frameworks",
					"@loader_path/Frameworks",
				);
				PRODUCT_BUNDLE_IDENTIFIER = TakeChances.SeguesUITests;
				PRODUCT_NAME = "$(TARGET_NAME)";
				SWIFT_VERSION = 5.0;
				TARGETED_DEVICE_FAMILY = "1,2";
				TEST_TARGET_NAME = Segues;
			};
			name = Release;
		};
/* End XCBuildConfiguration section */

/* Begin XCConfigurationList section */
		303B105524B778A200CD6595 /* Build configuration list for PBXProject "Segues" */ = {
			isa = XCConfigurationList;
			buildConfigurations = (
				303B108224B778A900CD6595 /* Debug */,
				303B108324B778A900CD6595 /* Release */,
			);
			defaultConfigurationIsVisible = 0;
			defaultConfigurationName = Release;
		};
		303B108424B778A900CD6595 /* Build configuration list for PBXNativeTarget "Segues" */ = {
			isa = XCConfigurationList;
			buildConfigurations = (
				303B108524B778A900CD6595 /* Debug */,
				303B108624B778A900CD6595 /* Release */,
			);
			defaultConfigurationIsVisible = 0;
			defaultConfigurationName = Release;
		};
		303B108724B778A900CD6595 /* Build configuration list for PBXNativeTarget "SeguesTests" */ = {
			isa = XCConfigurationList;
			buildConfigurations = (
				303B108824B778A900CD6595 /* Debug */,
				303B108924B778A900CD6595 /* Release */,
			);
			defaultConfigurationIsVisible = 0;
			defaultConfigurationName = Release;
		};
		303B108A24B778A900CD6595 /* Build configuration list for PBXNativeTarget "SeguesUITests" */ = {
			isa = XCConfigurationList;
			buildConfigurations = (
				303B108B24B778A900CD6595 /* Debug */,
				303B108C24B778A900CD6595 /* Release */,
			);
			defaultConfigurationIsVisible = 0;
			defaultConfigurationName = Release;
		};
/* End XCConfigurationList section */
	};
	rootObject = 303B105224B778A200CD6595 /* Project object */;
}
